// !$*UTF8*$!
{
	archiveVersion = 1;
	classes = {
	};
	objectVersion = 50;
	objects = {

/* Begin PBXBuildFile section */
		59143F6401E17E069773CE61 /* Pods_appsmack.framework in Frameworks */ = {isa = PBXBuildFile; fileRef = 6E3BC998754011E071BB6BD5 /* Pods_appsmack.framework */; };
		FE420C5523419AAF000C693C /* AppDelegate.swift in Sources */ = {isa = PBXBuildFile; fileRef = FE420C5423419AAF000C693C /* AppDelegate.swift */; };
		FE420C5723419AAF000C693C /* SceneDelegate.swift in Sources */ = {isa = PBXBuildFile; fileRef = FE420C5623419AAF000C693C /* SceneDelegate.swift */; };
		FE420C5C23419AAF000C693C /* Main.storyboard in Resources */ = {isa = PBXBuildFile; fileRef = FE420C5A23419AAF000C693C /* Main.storyboard */; };
		FE420C5E23419AB0000C693C /* Assets.xcassets in Resources */ = {isa = PBXBuildFile; fileRef = FE420C5D23419AB0000C693C /* Assets.xcassets */; };
		FE420C6123419AB0000C693C /* LaunchScreen.storyboard in Resources */ = {isa = PBXBuildFile; fileRef = FE420C5F23419AB0000C693C /* LaunchScreen.storyboard */; };
		FEA7D9932341CA290007ADD8 /* ChatVC.swift in Sources */ = {isa = PBXBuildFile; fileRef = FEA7D9922341CA290007ADD8 /* ChatVC.swift */; };
		FEA7D9952341CA3B0007ADD8 /* ChannelVC.swift in Sources */ = {isa = PBXBuildFile; fileRef = FEA7D9942341CA3B0007ADD8 /* ChannelVC.swift */; };
		FEA7D99A2341D66A0007ADD8 /* SWRevealViewController.m in Sources */ = {isa = PBXBuildFile; fileRef = FEA7D9982341D66A0007ADD8 /* SWRevealViewController.m */; };
		FEA7D99C23423DEB0007ADD8 /* GradientView.swift in Sources */ = {isa = PBXBuildFile; fileRef = FEA7D99B23423DEB0007ADD8 /* GradientView.swift */; };
		FEA7D99F234259DE0007ADD8 /* Constants.swift in Sources */ = {isa = PBXBuildFile; fileRef = FEA7D99E234259DE0007ADD8 /* Constants.swift */; };
		FEA7D9A1234261C70007ADD8 /* LoginVC.swift in Sources */ = {isa = PBXBuildFile; fileRef = FEA7D9A0234261C70007ADD8 /* LoginVC.swift */; };
		FEA7D9A323432A6C0007ADD8 /* CreateAccountVC.swift in Sources */ = {isa = PBXBuildFile; fileRef = FEA7D9A223432A6C0007ADD8 /* CreateAccountVC.swift */; };
		FEA7D9A62343B0980007ADD8 /* AuthService.swift in Sources */ = {isa = PBXBuildFile; fileRef = FEA7D9A52343B0980007ADD8 /* AuthService.swift */; };
		FEA7D9A8234473860007ADD8 /* RoundedButton.swift in Sources */ = {isa = PBXBuildFile; fileRef = FEA7D9A7234473860007ADD8 /* RoundedButton.swift */; };
		FEA7D9AA234499170007ADD8 /* UserDataService.swift in Sources */ = {isa = PBXBuildFile; fileRef = FEA7D9A9234499170007ADD8 /* UserDataService.swift */; };
		FEA7D9AC2344CACE0007ADD8 /* AvatarPickerVC.swift in Sources */ = {isa = PBXBuildFile; fileRef = FEA7D9AB2344CACE0007ADD8 /* AvatarPickerVC.swift */; };
		FEA7D9AE2344D0A20007ADD8 /* AvatarCell.swift in Sources */ = {isa = PBXBuildFile; fileRef = FEA7D9AD2344D0A20007ADD8 /* AvatarCell.swift */; };
/* End PBXBuildFile section */

/* Begin PBXFileReference section */
		54F1DAE6014A48CE8A7A10D2 /* Pods-appsmack.debug.xcconfig */ = {isa = PBXFileReference; includeInIndex = 1; lastKnownFileType = text.xcconfig; name = "Pods-appsmack.debug.xcconfig"; path = "Pods/Target Support Files/Pods-appsmack/Pods-appsmack.debug.xcconfig"; sourceTree = "<group>"; };
		6E3BC998754011E071BB6BD5 /* Pods_appsmack.framework */ = {isa = PBXFileReference; explicitFileType = wrapper.framework; includeInIndex = 0; path = Pods_appsmack.framework; sourceTree = BUILT_PRODUCTS_DIR; };
		CAB365F3CAD7E1166C7C146C /* Pods-appsmack.release.xcconfig */ = {isa = PBXFileReference; includeInIndex = 1; lastKnownFileType = text.xcconfig; name = "Pods-appsmack.release.xcconfig"; path = "Pods/Target Support Files/Pods-appsmack/Pods-appsmack.release.xcconfig"; sourceTree = "<group>"; };
		FE420C5123419AAF000C693C /* appsmack.app */ = {isa = PBXFileReference; explicitFileType = wrapper.application; includeInIndex = 0; path = appsmack.app; sourceTree = BUILT_PRODUCTS_DIR; };
		FE420C5423419AAF000C693C /* AppDelegate.swift */ = {isa = PBXFileReference; lastKnownFileType = sourcecode.swift; path = AppDelegate.swift; sourceTree = "<group>"; };
		FE420C5623419AAF000C693C /* SceneDelegate.swift */ = {isa = PBXFileReference; lastKnownFileType = sourcecode.swift; path = SceneDelegate.swift; sourceTree = "<group>"; };
		FE420C5B23419AAF000C693C /* Base */ = {isa = PBXFileReference; lastKnownFileType = file.storyboard; name = Base; path = Base.lproj/Main.storyboard; sourceTree = "<group>"; };
		FE420C5D23419AB0000C693C /* Assets.xcassets */ = {isa = PBXFileReference; lastKnownFileType = folder.assetcatalog; path = Assets.xcassets; sourceTree = "<group>"; };
		FE420C6023419AB0000C693C /* Base */ = {isa = PBXFileReference; lastKnownFileType = file.storyboard; name = Base; path = Base.lproj/LaunchScreen.storyboard; sourceTree = "<group>"; };
		FE420C6223419AB0000C693C /* Info.plist */ = {isa = PBXFileReference; lastKnownFileType = text.plist.xml; path = Info.plist; sourceTree = "<group>"; };
		FEA7D9922341CA290007ADD8 /* ChatVC.swift */ = {isa = PBXFileReference; lastKnownFileType = sourcecode.swift; path = ChatVC.swift; sourceTree = "<group>"; };
		FEA7D9942341CA3B0007ADD8 /* ChannelVC.swift */ = {isa = PBXFileReference; lastKnownFileType = sourcecode.swift; path = ChannelVC.swift; sourceTree = "<group>"; };
		FEA7D9972341D6690007ADD8 /* appsmack-Bridging-Header.h */ = {isa = PBXFileReference; lastKnownFileType = sourcecode.c.h; path = "appsmack-Bridging-Header.h"; sourceTree = "<group>"; };
		FEA7D9982341D66A0007ADD8 /* SWRevealViewController.m */ = {isa = PBXFileReference; fileEncoding = 4; lastKnownFileType = sourcecode.c.objc; path = SWRevealViewController.m; sourceTree = "<group>"; };
		FEA7D9992341D66A0007ADD8 /* SWRevealViewController.h */ = {isa = PBXFileReference; fileEncoding = 4; lastKnownFileType = sourcecode.c.h; path = SWRevealViewController.h; sourceTree = "<group>"; };
		FEA7D99B23423DEB0007ADD8 /* GradientView.swift */ = {isa = PBXFileReference; lastKnownFileType = sourcecode.swift; path = GradientView.swift; sourceTree = "<group>"; };
		FEA7D99E234259DE0007ADD8 /* Constants.swift */ = {isa = PBXFileReference; lastKnownFileType = sourcecode.swift; path = Constants.swift; sourceTree = "<group>"; };
		FEA7D9A0234261C70007ADD8 /* LoginVC.swift */ = {isa = PBXFileReference; lastKnownFileType = sourcecode.swift; path = LoginVC.swift; sourceTree = "<group>"; };
		FEA7D9A223432A6C0007ADD8 /* CreateAccountVC.swift */ = {isa = PBXFileReference; lastKnownFileType = sourcecode.swift; path = CreateAccountVC.swift; sourceTree = "<group>"; };
		FEA7D9A52343B0980007ADD8 /* AuthService.swift */ = {isa = PBXFileReference; lastKnownFileType = sourcecode.swift; path = AuthService.swift; sourceTree = "<group>"; };
		FEA7D9A7234473860007ADD8 /* RoundedButton.swift */ = {isa = PBXFileReference; lastKnownFileType = sourcecode.swift; path = RoundedButton.swift; sourceTree = "<group>"; };
		FEA7D9A9234499170007ADD8 /* UserDataService.swift */ = {isa = PBXFileReference; lastKnownFileType = sourcecode.swift; path = UserDataService.swift; sourceTree = "<group>"; };
		FEA7D9AB2344CACE0007ADD8 /* AvatarPickerVC.swift */ = {isa = PBXFileReference; lastKnownFileType = sourcecode.swift; path = AvatarPickerVC.swift; sourceTree = "<group>"; };
		FEA7D9AD2344D0A20007ADD8 /* AvatarCell.swift */ = {isa = PBXFileReference; lastKnownFileType = sourcecode.swift; path = AvatarCell.swift; sourceTree = "<group>"; };
/* End PBXFileReference section */

/* Begin PBXFrameworksBuildPhase section */
		FE420C4E23419AAF000C693C /* Frameworks */ = {
			isa = PBXFrameworksBuildPhase;
			buildActionMask = 2147483647;
			files = (
				59143F6401E17E069773CE61 /* Pods_appsmack.framework in Frameworks */,
			);
			runOnlyForDeploymentPostprocessing = 0;
		};
/* End PBXFrameworksBuildPhase section */

/* Begin PBXGroup section */
		4B08C558DFCE0C27E027BA59 /* Frameworks */ = {
			isa = PBXGroup;
			children = (
				6E3BC998754011E071BB6BD5 /* Pods_appsmack.framework */,
			);
			name = Frameworks;
			sourceTree = "<group>";
		};
		7A859FD55398B5A49547C0AF /* Pods */ = {
			isa = PBXGroup;
			children = (
				54F1DAE6014A48CE8A7A10D2 /* Pods-appsmack.debug.xcconfig */,
				CAB365F3CAD7E1166C7C146C /* Pods-appsmack.release.xcconfig */,
			);
			name = Pods;
			sourceTree = "<group>";
		};
		FE420C4823419AAF000C693C = {
			isa = PBXGroup;
			children = (
				FE420C5323419AAF000C693C /* appsmack */,
				FE420C5223419AAF000C693C /* Products */,
				7A859FD55398B5A49547C0AF /* Pods */,
				4B08C558DFCE0C27E027BA59 /* Frameworks */,
			);
			sourceTree = "<group>";
		};
		FE420C5223419AAF000C693C /* Products */ = {
			isa = PBXGroup;
			children = (
				FE420C5123419AAF000C693C /* appsmack.app */,
			);
			name = Products;
			sourceTree = "<group>";
		};
		FE420C5323419AAF000C693C /* appsmack */ = {
			isa = PBXGroup;
			children = (
				FEA7D9A42343B06E0007ADD8 /* Services */,
				FEA7D99D234259B70007ADD8 /* Utilities */,
				FEA7D9962341D6460007ADD8 /* Supporting Files */,
				FEA7D9912341CA010007ADD8 /* Model */,
				FEA7D9902341C9FA0007ADD8 /* View */,
				FEA7D98F2341C9F10007ADD8 /* Controller */,
				FE420C5423419AAF000C693C /* AppDelegate.swift */,
				FE420C5623419AAF000C693C /* SceneDelegate.swift */,
				FE420C5A23419AAF000C693C /* Main.storyboard */,
				FE420C5D23419AB0000C693C /* Assets.xcassets */,
				FE420C5F23419AB0000C693C /* LaunchScreen.storyboard */,
				FE420C6223419AB0000C693C /* Info.plist */,
			);
			path = appsmack;
			sourceTree = "<group>";
		};
		FEA7D98F2341C9F10007ADD8 /* Controller */ = {
			isa = PBXGroup;
			children = (
				FEA7D9922341CA290007ADD8 /* ChatVC.swift */,
				FEA7D9942341CA3B0007ADD8 /* ChannelVC.swift */,
				FEA7D9A0234261C70007ADD8 /* LoginVC.swift */,
				FEA7D9A223432A6C0007ADD8 /* CreateAccountVC.swift */,
				FEA7D9AB2344CACE0007ADD8 /* AvatarPickerVC.swift */,
			);
			path = Controller;
			sourceTree = "<group>";
		};
		FEA7D9902341C9FA0007ADD8 /* View */ = {
			isa = PBXGroup;
			children = (
				FEA7D99B23423DEB0007ADD8 /* GradientView.swift */,
				FEA7D9A7234473860007ADD8 /* RoundedButton.swift */,
				FEA7D9AD2344D0A20007ADD8 /* AvatarCell.swift */,
			);
			path = View;
			sourceTree = "<group>";
		};
		FEA7D9912341CA010007ADD8 /* Model */ = {
			isa = PBXGroup;
			children = (
			);
			path = Model;
			sourceTree = "<group>";
		};
		FEA7D9962341D6460007ADD8 /* Supporting Files */ = {
			isa = PBXGroup;
			children = (
				FEA7D9992341D66A0007ADD8 /* SWRevealViewController.h */,
				FEA7D9982341D66A0007ADD8 /* SWRevealViewController.m */,
				FEA7D9972341D6690007ADD8 /* appsmack-Bridging-Header.h */,
			);
			path = "Supporting Files";
			sourceTree = "<group>";
		};
		FEA7D99D234259B70007ADD8 /* Utilities */ = {
			isa = PBXGroup;
			children = (
				FEA7D99E234259DE0007ADD8 /* Constants.swift */,
			);
			path = Utilities;
			sourceTree = "<group>";
		};
		FEA7D9A42343B06E0007ADD8 /* Services */ = {
			isa = PBXGroup;
			children = (
				FEA7D9A52343B0980007ADD8 /* AuthService.swift */,
				FEA7D9A9234499170007ADD8 /* UserDataService.swift */,
			);
			path = Services;
			sourceTree = "<group>";
		};
/* End PBXGroup section */

/* Begin PBXNativeTarget section */
		FE420C5023419AAF000C693C /* appsmack */ = {
			isa = PBXNativeTarget;
			buildConfigurationList = FE420C6523419AB0000C693C /* Build configuration list for PBXNativeTarget "appsmack" */;
			buildPhases = (
				8FCE8ABC536916E1F2373923 /* [CP] Check Pods Manifest.lock */,
				FE420C4D23419AAF000C693C /* Sources */,
				FE420C4E23419AAF000C693C /* Frameworks */,
				FE420C4F23419AAF000C693C /* Resources */,
				C055D5C413C2711D9A259EAD /* [CP] Embed Pods Frameworks */,
			);
			buildRules = (
			);
			dependencies = (
			);
			name = appsmack;
			productName = appsmack;
			productReference = FE420C5123419AAF000C693C /* appsmack.app */;
			productType = "com.apple.product-type.application";
		};
/* End PBXNativeTarget section */

/* Begin PBXProject section */
		FE420C4923419AAF000C693C /* Project object */ = {
			isa = PBXProject;
			attributes = {
				LastSwiftUpdateCheck = 1100;
				LastUpgradeCheck = 1100;
				ORGANIZATIONNAME = cinderella;
				TargetAttributes = {
					FE420C5023419AAF000C693C = {
						CreatedOnToolsVersion = 11.0;
						LastSwiftMigration = 1100;
					};
				};
			};
			buildConfigurationList = FE420C4C23419AAF000C693C /* Build configuration list for PBXProject "appsmack" */;
			compatibilityVersion = "Xcode 9.3";
			developmentRegion = en;
			hasScannedForEncodings = 0;
			knownRegions = (
				en,
				Base,
			);
			mainGroup = FE420C4823419AAF000C693C;
			productRefGroup = FE420C5223419AAF000C693C /* Products */;
			projectDirPath = "";
			projectRoot = "";
			targets = (
				FE420C5023419AAF000C693C /* appsmack */,
			);
		};
/* End PBXProject section */

/* Begin PBXResourcesBuildPhase section */
		FE420C4F23419AAF000C693C /* Resources */ = {
			isa = PBXResourcesBuildPhase;
			buildActionMask = 2147483647;
			files = (
				FE420C6123419AB0000C693C /* LaunchScreen.storyboard in Resources */,
				FE420C5E23419AB0000C693C /* Assets.xcassets in Resources */,
				FE420C5C23419AAF000C693C /* Main.storyboard in Resources */,
			);
			runOnlyForDeploymentPostprocessing = 0;
		};
/* End PBXResourcesBuildPhase section */

/* Begin PBXShellScriptBuildPhase section */
		8FCE8ABC536916E1F2373923 /* [CP] Check Pods Manifest.lock */ = {
			isa = PBXShellScriptBuildPhase;
			buildActionMask = 2147483647;
			files = (
			);
			inputPaths = (
				"${PODS_PODFILE_DIR_PATH}/Podfile.lock",
				"${PODS_ROOT}/Manifest.lock",
			);
			name = "[CP] Check Pods Manifest.lock";
			outputPaths = (
				"$(DERIVED_FILE_DIR)/Pods-appsmack-checkManifestLockResult.txt",
			);
			runOnlyForDeploymentPostprocessing = 0;
			shellPath = /bin/sh;
			shellScript = "diff \"${PODS_PODFILE_DIR_PATH}/Podfile.lock\" \"${PODS_ROOT}/Manifest.lock\" > /dev/null\nif [ $? != 0 ] ; then\n    # print error to STDERR\n    echo \"error: The sandbox is not in sync with the Podfile.lock. Run 'pod install' or update your CocoaPods installation.\" >&2\n    exit 1\nfi\n# This output is used by Xcode 'outputs' to avoid re-running this script phase.\necho \"SUCCESS\" > \"${SCRIPT_OUTPUT_FILE_0}\"\n";
			showEnvVarsInLog = 0;
		};
		C055D5C413C2711D9A259EAD /* [CP] Embed Pods Frameworks */ = {
			isa = PBXShellScriptBuildPhase;
			buildActionMask = 2147483647;
			files = (
			);
			inputPaths = (
				"${SRCROOT}/Pods/Target Support Files/Pods-appsmack/Pods-appsmack-frameworks.sh",
				"${BUILT_PRODUCTS_DIR}/Alamofire/Alamofire.framework",
				"${BUILT_PRODUCTS_DIR}/Socket.IO-Client-Swift/SocketIO.framework",
				"${BUILT_PRODUCTS_DIR}/Starscream/Starscream.framework",
				"${BUILT_PRODUCTS_DIR}/SwiftyJSON/SwiftyJSON.framework",
			);
			name = "[CP] Embed Pods Frameworks";
			outputPaths = (
				"${TARGET_BUILD_DIR}/${FRAMEWORKS_FOLDER_PATH}/Alamofire.framework",
				"${TARGET_BUILD_DIR}/${FRAMEWORKS_FOLDER_PATH}/SocketIO.framework",
				"${TARGET_BUILD_DIR}/${FRAMEWORKS_FOLDER_PATH}/Starscream.framework",
				"${TARGET_BUILD_DIR}/${FRAMEWORKS_FOLDER_PATH}/SwiftyJSON.framework",
			);
			runOnlyForDeploymentPostprocessing = 0;
			shellPath = /bin/sh;
			shellScript = "\"${SRCROOT}/Pods/Target Support Files/Pods-appsmack/Pods-appsmack-frameworks.sh\"\n";
			showEnvVarsInLog = 0;
		};
/* End PBXShellScriptBuildPhase section */

/* Begin PBXSourcesBuildPhase section */
		FE420C4D23419AAF000C693C /* Sources */ = {
			isa = PBXSourcesBuildPhase;
			buildActionMask = 2147483647;
			files = (
				FEA7D9932341CA290007ADD8 /* ChatVC.swift in Sources */,
				FE420C5523419AAF000C693C /* AppDelegate.swift in Sources */,
				FEA7D9AE2344D0A20007ADD8 /* AvatarCell.swift in Sources */,
				FEA7D9A1234261C70007ADD8 /* LoginVC.swift in Sources */,
				FEA7D99C23423DEB0007ADD8 /* GradientView.swift in Sources */,
				FEA7D99A2341D66A0007ADD8 /* SWRevealViewController.m in Sources */,
				FEA7D9A323432A6C0007ADD8 /* CreateAccountVC.swift in Sources */,
				FEA7D9AA234499170007ADD8 /* UserDataService.swift in Sources */,
				FEA7D9A8234473860007ADD8 /* RoundedButton.swift in Sources */,
				FEA7D99F234259DE0007ADD8 /* Constants.swift in Sources */,
				FEA7D9A62343B0980007ADD8 /* AuthService.swift in Sources */,
				FE420C5723419AAF000C693C /* SceneDelegate.swift in Sources */,
				FEA7D9952341CA3B0007ADD8 /* ChannelVC.swift in Sources */,
				FEA7D9AC2344CACE0007ADD8 /* AvatarPickerVC.swift in Sources */,
			);
			runOnlyForDeploymentPostprocessing = 0;
		};
/* End PBXSourcesBuildPhase section */

/* Begin PBXVariantGroup section */
		FE420C5A23419AAF000C693C /* Main.storyboard */ = {
			isa = PBXVariantGroup;
			children = (
				FE420C5B23419AAF000C693C /* Base */,
			);
			name = Main.storyboard;
			sourceTree = "<group>";
		};
		FE420C5F23419AB0000C693C /* LaunchScreen.storyboard */ = {
			isa = PBXVariantGroup;
			children = (
				FE420C6023419AB0000C693C /* Base */,
			);
			name = LaunchScreen.storyboard;
			sourceTree = "<group>";
		};
/* End PBXVariantGroup section */

/* Begin XCBuildConfiguration section */
		FE420C6323419AB0000C693C /* Debug */ = {
			isa = XCBuildConfiguration;
			buildSettings = {
				ALWAYS_SEARCH_USER_PATHS = NO;
				CLANG_ANALYZER_NONNULL = YES;
				CLANG_ANALYZER_NUMBER_OBJECT_CONVERSION = YES_AGGRESSIVE;
				CLANG_CXX_LANGUAGE_STANDARD = "gnu++14";
				CLANG_CXX_LIBRARY = "libc++";
				CLANG_ENABLE_MODULES = YES;
				CLANG_ENABLE_OBJC_ARC = YES;
				CLANG_ENABLE_OBJC_WEAK = YES;
				CLANG_WARN_BLOCK_CAPTURE_AUTORELEASING = YES;
				CLANG_WARN_BOOL_CONVERSION = YES;
				CLANG_WARN_COMMA = YES;
				CLANG_WARN_CONSTANT_CONVERSION = YES;
				CLANG_WARN_DEPRECATED_OBJC_IMPLEMENTATIONS = YES;
				CLANG_WARN_DIRECT_OBJC_ISA_USAGE = YES_ERROR;
				CLANG_WARN_DOCUMENTATION_COMMENTS = YES;
				CLANG_WARN_EMPTY_BODY = YES;
				CLANG_WARN_ENUM_CONVERSION = YES;
				CLANG_WARN_INFINITE_RECURSION = YES;
				CLANG_WARN_INT_CONVERSION = YES;
				CLANG_WARN_NON_LITERAL_NULL_CONVERSION = YES;
				CLANG_WARN_OBJC_IMPLICIT_RETAIN_SELF = YES;
				CLANG_WARN_OBJC_LITERAL_CONVERSION = YES;
				CLANG_WARN_OBJC_ROOT_CLASS = YES_ERROR;
				CLANG_WARN_RANGE_LOOP_ANALYSIS = YES;
				CLANG_WARN_STRICT_PROTOTYPES = YES;
				CLANG_WARN_SUSPICIOUS_MOVE = YES;
				CLANG_WARN_UNGUARDED_AVAILABILITY = YES_AGGRESSIVE;
				CLANG_WARN_UNREACHABLE_CODE = YES;
				CLANG_WARN__DUPLICATE_METHOD_MATCH = YES;
				COPY_PHASE_STRIP = NO;
				DEBUG_INFORMATION_FORMAT = dwarf;
				ENABLE_STRICT_OBJC_MSGSEND = YES;
				ENABLE_TESTABILITY = YES;
				GCC_C_LANGUAGE_STANDARD = gnu11;
				GCC_DYNAMIC_NO_PIC = NO;
				GCC_NO_COMMON_BLOCKS = YES;
				GCC_OPTIMIZATION_LEVEL = 0;
				GCC_PREPROCESSOR_DEFINITIONS = (
					"DEBUG=1",
					"$(inherited)",
				);
				GCC_WARN_64_TO_32_BIT_CONVERSION = YES;
				GCC_WARN_ABOUT_RETURN_TYPE = YES_ERROR;
				GCC_WARN_UNDECLARED_SELECTOR = YES;
				GCC_WARN_UNINITIALIZED_AUTOS = YES_AGGRESSIVE;
				GCC_WARN_UNUSED_FUNCTION = YES;
				GCC_WARN_UNUSED_VARIABLE = YES;
				IPHONEOS_DEPLOYMENT_TARGET = 13.0;
				MTL_ENABLE_DEBUG_INFO = INCLUDE_SOURCE;
				MTL_FAST_MATH = YES;
				ONLY_ACTIVE_ARCH = YES;
				SDKROOT = iphoneos;
				SWIFT_ACTIVE_COMPILATION_CONDITIONS = DEBUG;
				SWIFT_OPTIMIZATION_LEVEL = "-Onone";
			};
			name = Debug;
		};
		FE420C6423419AB0000C693C /* Release */ = {
			isa = XCBuildConfiguration;
			buildSettings = {
				ALWAYS_SEARCH_USER_PATHS = NO;
				CLANG_ANALYZER_NONNULL = YES;
				CLANG_ANALYZER_NUMBER_OBJECT_CONVERSION = YES_AGGRESSIVE;
				CLANG_CXX_LANGUAGE_STANDARD = "gnu++14";
				CLANG_CXX_LIBRARY = "libc++";
				CLANG_ENABLE_MODULES = YES;
				CLANG_ENABLE_OBJC_ARC = YES;
				CLANG_ENABLE_OBJC_WEAK = YES;
				CLANG_WARN_BLOCK_CAPTURE_AUTORELEASING = YES;
				CLANG_WARN_BOOL_CONVERSION = YES;
				CLANG_WARN_COMMA = YES;
				CLANG_WARN_CONSTANT_CONVERSION = YES;
				CLANG_WARN_DEPRECATED_OBJC_IMPLEMENTATIONS = YES;
				CLANG_WARN_DIRECT_OBJC_ISA_USAGE = YES_ERROR;
				CLANG_WARN_DOCUMENTATION_COMMENTS = YES;
				CLANG_WARN_EMPTY_BODY = YES;
				CLANG_WARN_ENUM_CONVERSION = YES;
				CLANG_WARN_INFINITE_RECURSION = YES;
				CLANG_WARN_INT_CONVERSION = YES;
				CLANG_WARN_NON_LITERAL_NULL_CONVERSION = YES;
				CLANG_WARN_OBJC_IMPLICIT_RETAIN_SELF = YES;
				CLANG_WARN_OBJC_LITERAL_CONVERSION = YES;
				CLANG_WARN_OBJC_ROOT_CLASS = YES_ERROR;
				CLANG_WARN_RANGE_LOOP_ANALYSIS = YES;
				CLANG_WARN_STRICT_PROTOTYPES = YES;
				CLANG_WARN_SUSPICIOUS_MOVE = YES;
				CLANG_WARN_UNGUARDED_AVAILABILITY = YES_AGGRESSIVE;
				CLANG_WARN_UNREACHABLE_CODE = YES;
				CLANG_WARN__DUPLICATE_METHOD_MATCH = YES;
				COPY_PHASE_STRIP = NO;
				DEBUG_INFORMATION_FORMAT = "dwarf-with-dsym";
				ENABLE_NS_ASSERTIONS = NO;
				ENABLE_STRICT_OBJC_MSGSEND = YES;
				GCC_C_LANGUAGE_STANDARD = gnu11;
				GCC_NO_COMMON_BLOCKS = YES;
				GCC_WARN_64_TO_32_BIT_CONVERSION = YES;
				GCC_WARN_ABOUT_RETURN_TYPE = YES_ERROR;
				GCC_WARN_UNDECLARED_SELECTOR = YES;
				GCC_WARN_UNINITIALIZED_AUTOS = YES_AGGRESSIVE;
				GCC_WARN_UNUSED_FUNCTION = YES;
				GCC_WARN_UNUSED_VARIABLE = YES;
				IPHONEOS_DEPLOYMENT_TARGET = 13.0;
				MTL_ENABLE_DEBUG_INFO = NO;
				MTL_FAST_MATH = YES;
				SDKROOT = iphoneos;
				SWIFT_COMPILATION_MODE = wholemodule;
				SWIFT_OPTIMIZATION_LEVEL = "-O";
				VALIDATE_PRODUCT = YES;
			};
			name = Release;
		};
		FE420C6623419AB0000C693C /* Debug */ = {
			isa = XCBuildConfiguration;
			baseConfigurationReference = 54F1DAE6014A48CE8A7A10D2 /* Pods-appsmack.debug.xcconfig */;
			buildSettings = {
				ASSETCATALOG_COMPILER_APPICON_NAME = AppIcon;
				CLANG_ENABLE_MODULES = YES;
				CODE_SIGN_STYLE = Automatic;
				DEVELOPMENT_TEAM = S34YM3S85L;
				INFOPLIST_FILE = appsmack/Info.plist;
				IPHONEOS_DEPLOYMENT_TARGET = 13.0;
				LD_RUNPATH_SEARCH_PATHS = (
					"$(inherited)",
					"@executable_path/Frameworks",
				);
				PRODUCT_BUNDLE_IDENTIFIER = cinderella.appsmack;
				PRODUCT_NAME = "$(TARGET_NAME)";
				SWIFT_OBJC_BRIDGING_HEADER = "appsmack/Supporting Files/appsmack-Bridging-Header.h";
				SWIFT_OPTIMIZATION_LEVEL = "-Onone";
				SWIFT_VERSION = 4.0;
				TARGETED_DEVICE_FAMILY = 1;
			};
			name = Debug;
		};
		FE420C6723419AB0000C693C /* Release */ = {
			isa = XCBuildConfiguration;
			baseConfigurationReference = CAB365F3CAD7E1166C7C146C /* Pods-appsmack.release.xcconfig */;
			buildSettings = {
				ASSETCATALOG_COMPILER_APPICON_NAME = AppIcon;
				CLANG_ENABLE_MODULES = YES;
				CODE_SIGN_STYLE = Automatic;
				DEVELOPMENT_TEAM = S34YM3S85L;
				INFOPLIST_FILE = appsmack/Info.plist;
				IPHONEOS_DEPLOYMENT_TARGET = 13.0;
				LD_RUNPATH_SEARCH_PATHS = (
					"$(inherited)",
					"@executable_path/Frameworks",
				);
				PRODUCT_BUNDLE_IDENTIFIER = cinderella.appsmack;
				PRODUCT_NAME = "$(TARGET_NAME)";
				SWIFT_OBJC_BRIDGING_HEADER = "appsmack/Supporting Files/appsmack-Bridging-Header.h";
				SWIFT_VERSION = 4.0;
				TARGETED_DEVICE_FAMILY = 1;
			};
			name = Release;
		};
/* End XCBuildConfiguration section */

/* Begin XCConfigurationList section */
		FE420C4C23419AAF000C693C /* Build configuration list for PBXProject "appsmack" */ = {
			isa = XCConfigurationList;
			buildConfigurations = (
				FE420C6323419AB0000C693C /* Debug */,
				FE420C6423419AB0000C693C /* Release */,
			);
			defaultConfigurationIsVisible = 0;
			defaultConfigurationName = Release;
		};
		FE420C6523419AB0000C693C /* Build configuration list for PBXNativeTarget "appsmack" */ = {
			isa = XCConfigurationList;
			buildConfigurations = (
				FE420C6623419AB0000C693C /* Debug */,
				FE420C6723419AB0000C693C /* Release */,
			);
			defaultConfigurationIsVisible = 0;
			defaultConfigurationName = Release;
		};
/* End XCConfigurationList section */
	};
	rootObject = FE420C4923419AAF000C693C /* Project object */;
}
